
Microsoft Visual Studio Solution File, Format Version 12.00
# Visual Studio Version 17
VisualStudioVersion = 17.14.36310.24 d17.14
MinimumVisualStudioVersion = 10.0.40219.1
Project("{8BC9CEB8-8B4A-11D0-8D11-00A0C91BC942}") = "Problems 1 to 5", "Problems 1 to 5.vcxproj", "{69590649-C6DE-4D1B-8DD8-0B466C858CBA}"
EndProject
Global
	GlobalSection(SolutionConfigurationPlatforms) = preSolution
		Debug|x64 = Debug|x64
		Debug|x86 = Debug|x86
		Release|x64 = Release|x64
		Release|x86 = Release|x86
	EndGlobalSection
	GlobalSection(ProjectConfigurationPlatforms) = postSolution
		{69590649-C6DE-4D1B-8DD8-0B466C858CBA}.Debug|x64.ActiveCfg = Debug|x64
		{69590649-C6DE-4D1B-8DD8-0B466C858CBA}.Debug|x64.Build.0 = Debug|x64
		{69590649-C6DE-4D1B-8DD8-0B466C858CBA}.Debug|x86.ActiveCfg = Debug|Win32
		{69590649-C6DE-4D1B-8DD8-0B466C858CBA}.Debug|x86.Build.0 = Debug|Win32
		{69590649-C6DE-4D1B-8DD8-0B466C858CBA}.Release|x64.ActiveCfg = Release|x64
		{69590649-C6DE-4D1B-8DD8-0B466C858CBA}.Release|x64.Build.0 = Release|x64
		{69590649-C6DE-4D1B-8DD8-0B466C858CBA}.Release|x86.ActiveCfg = Release|Win32
		{69590649-C6DE-4D1B-8DD8-0B466C858CBA}.Release|x86.Build.0 = Release|Win32
	EndGlobalSection
	GlobalSection(SolutionProperties) = preSolution
		HideSolutionNode = FALSE
	EndGlobalSection
	GlobalSection(ExtensibilityGlobals) = postSolution
		SolutionGuid = {BF1F2D03-F162-4115-A476-99AE78E9347F}
	EndGlobalSection
EndGlobal
